PODS:
  - Masonry (1.1.0)
  - MBProgressHUD (1.2.0)

DEPENDENCIES:
  - Masonry
  - MBProgressHUD (~> 1.2.0)

SPEC REPOS:
  trunk:
    - Masonry
    - MBProgressHUD

SPEC CHECKSUMS:
  Masonry: 678fab65091a9290e40e2832a55e7ab731aad201
  MBProgressHUD: 3ee5efcc380f6a79a7cc9b363dd669c5e1ae7406

PODFILE CHECKSUM: aaafb114cf764e36a90306e47b7aa37187541637

COCOAPODS: 1.9.3
